
Microsoft Visual Studio Solution File, Format Version 12.00
# Visual Studio Version 16
VisualStudioVersion = 16.0.31515.178
MinimumVisualStudioVersion = 10.0.40219.1
Project("{FAE04EC0-301F-11D3-BF4B-00C04F79EFBC}") = "FastCore", "src\FastCore\FastCore.csproj", "{12D425DE-9B3F-4DC7-8E20-F8E3986AADE1}"
EndProject
Global
	GlobalSection(SolutionConfigurationPlatforms) = preSolution
		Debug|Any CPU = Debug|Any CPU
		Release|Any CPU = Release|Any CPU
	EndGlobalSection
	GlobalSection(ProjectConfigurationPlatforms) = postSolution
		{12D425DE-9B3F-4DC7-8E20-F8E3986AADE1}.Debug|Any CPU.ActiveCfg = Debug|Any CPU
		{12D425DE-9B3F-4DC7-8E20-F8E3986AADE1}.Debug|Any CPU.Build.0 = Debug|Any CPU
		{12D425DE-9B3F-4DC7-8E20-F8E3986AADE1}.Release|Any CPU.ActiveCfg = Release|Any CPU
		{12D425DE-9B3F-4DC7-8E20-F8E3986AADE1}.Release|Any CPU.Build.0 = Release|Any CPU
	EndGlobalSection
	GlobalSection(SolutionProperties) = preSolution
		HideSolutionNode = FALSE
	EndGlobalSection
	GlobalSection(ExtensibilityGlobals) = postSolution
		SolutionGuid = {6E282505-8E12-4809-BF26-0473905D2330}
	EndGlobalSection
EndGlobal
