
Microsoft Visual Studio Solution File, Format Version 12.00
# Visual Studio Version 16
VisualStudioVersion = 16.0.31515.178
MinimumVisualStudioVersion = 10.0.40219.1
Project("{9A19103F-16F7-4668-BE54-9A1E7A4F7556}") = "FastCore", "src\FastCore\FastCore.csproj", "{12D425DE-9B3F-4DC7-8E20-F8E3986AADE1}"
EndProject
Project("{9A19103F-16F7-4668-BE54-9A1E7A4F7556}") = "FastCore.HealthCheck", "src\FastCore.HealthCheck\FastCore.HealthCheck.csproj", "{1E6DB9A1-8903-45CD-9284-E6C86A3CBDE0}"
EndProject
Project("{9A19103F-16F7-4668-BE54-9A1E7A4F7556}") = "FastCore.Security", "src\FastCore.Security\FastCore.Security.csproj", "{01D894F7-5377-4001-B9E2-F4052785288F}"
EndProject
Project("{9A19103F-16F7-4668-BE54-9A1E7A4F7556}") = "FastCore.Redis", "src\FastCore.Redis\FastCore.Redis.csproj", "{C037214D-6288-413E-B1CA-ADBF120B99B4}"
EndProject
Project("{9A19103F-16F7-4668-BE54-9A1E7A4F7556}") = "FastCore.Hangfire", "src\FastCore.Hangfire\FastCore.Hangfire.csproj", "{803AE4E1-15EA-490A-A075-8C1B35BA6752}"
EndProject
Project("{9A19103F-16F7-4668-BE54-9A1E7A4F7556}") = "FastCore.Base", "src\FastCore.Base\FastCore.Base.csproj", "{77F05497-2897-4786-BA36-94055FE637B8}"
EndProject
Project("{9A19103F-16F7-4668-BE54-9A1E7A4F7556}") = "FastCore.Sample.Abstract", "extension\FastCore.Sample.Abstract\FastCore.Sample.Abstract.csproj", "{6AB65B3B-A080-43E6-AF1F-A0738566F48E}"
EndProject
Project("{9A19103F-16F7-4668-BE54-9A1E7A4F7556}") = "FastCore.Sample.Application", "extension\FastCore.Sample.Application\FastCore.Sample.Application.csproj", "{64811917-5583-456F-8540-7BC2D42D35CC}"
EndProject
Project("{9A19103F-16F7-4668-BE54-9A1E7A4F7556}") = "FastCore.Model", "src\FastCore.Model\FastCore.Model.csproj", "{EE1E2264-C827-4992-AD53-87414A693EDE}"
EndProject
Project("{9A19103F-16F7-4668-BE54-9A1E7A4F7556}") = "FastCore.EFCore.SqlServer", "src\FastCore.EFCore.SqlServer\FastCore.EFCore.SqlServer.csproj", "{CAE028CA-4321-40DB-8C9A-117E2F449C77}"
EndProject
Project("{9A19103F-16F7-4668-BE54-9A1E7A4F7556}") = "FastCore.Auditing", "src\FastCore.Auditing\FastCore.Auditing.csproj", "{447C73B6-4F43-44FC-A206-351019A319F4}"
EndProject
Project("{9A19103F-16F7-4668-BE54-9A1E7A4F7556}") = "FastCore.MongoDB", "src\FastCore.MongoDB\FastCore.MongoDB.csproj", "{ACC5871C-20C1-42DD-BB24-03E0C5D76B8E}"
EndProject
Project("{2150E333-8FDC-42A3-9474-1A3956D46DE8}") = "src", "src", "{E35169E2-1CB5-427B-9B58-86098D028B38}"
EndProject
Project("{2150E333-8FDC-42A3-9474-1A3956D46DE8}") = "test", "test", "{81CC2A10-5874-4F30-9195-938600FD1073}"
EndProject
Project("{9A19103F-16F7-4668-BE54-9A1E7A4F7556}") = "FastCore.Application", "extension\FastCore.Application\FastCore.Application.csproj", "{D1FA5F2D-6628-419D-87B2-0BB6853497F6}"
EndProject
Project("{9A19103F-16F7-4668-BE54-9A1E7A4F7556}") = "FastCore.Abstract", "extension\FastCore.Abstract\FastCore.Abstract.csproj", "{74AA76C2-7791-4C06-9B36-7963833D4E8E}"
EndProject
Project("{9A19103F-16F7-4668-BE54-9A1E7A4F7556}") = "FastCore.Sample.Test", "test\FastCore.Sample.Test\FastCore.Sample.Test.csproj", "{13213A24-0AE3-4682-80E1-98E88179BB1B}"
EndProject
Project("{9A19103F-16F7-4668-BE54-9A1E7A4F7556}") = "FastCore.AutoMapper", "src\FastCore.AutoMapper\FastCore.AutoMapper.csproj", "{682B8DDB-0695-4FD7-A5B9-91FB6390DF41}"
EndProject
Project("{9A19103F-16F7-4668-BE54-9A1E7A4F7556}") = "FastCore.Feature", "src\FastCore.Feature\FastCore.Feature.csproj", "{E667F7CF-B87C-4E92-A2B4-D67932047FAA}"
EndProject
Project("{2150E333-8FDC-42A3-9474-1A3956D46DE8}") = "extension", "extension", "{B9B599AF-99E7-4C22-8BF3-F4207CE671F8}"
EndProject
Project("{2150E333-8FDC-42A3-9474-1A3956D46DE8}") = "tool", "tool", "{0CAA4FFA-BF00-4274-9D2E-EB7449CAD84B}"
EndProject
Project("{9A19103F-16F7-4668-BE54-9A1E7A4F7556}") = "FastCore.DbMigration", "tool\FastCore.DbMigration\FastCore.DbMigration.csproj", "{449948D3-EF12-492A-8FE2-E393EC91A5DB}"
EndProject
Project("{9A19103F-16F7-4668-BE54-9A1E7A4F7556}") = "FastCore.TestBase", "test\FastCore.TestBase\FastCore.TestBase.csproj", "{FE525CA2-CAEB-418F-82B5-EA3882F2B6DE}"
EndProject
Project("{9A19103F-16F7-4668-BE54-9A1E7A4F7556}") = "FastCore.Extension", "extension\FastCore.Extension\FastCore.Extension.csproj", "{FBAE4B3F-27C2-4993-A641-95118747AA02}"
EndProject
Project("{9A19103F-16F7-4668-BE54-9A1E7A4F7556}") = "FastCore.Test", "test\FastCore.Test\FastCore.Test.csproj", "{257036DC-A0A5-40AE-A782-D4864B70E833}"
EndProject
Global
	GlobalSection(SolutionConfigurationPlatforms) = preSolution
		Debug|Any CPU = Debug|Any CPU
		Release|Any CPU = Release|Any CPU
	EndGlobalSection
	GlobalSection(ProjectConfigurationPlatforms) = postSolution
		{12D425DE-9B3F-4DC7-8E20-F8E3986AADE1}.Debug|Any CPU.ActiveCfg = Debug|Any CPU
		{12D425DE-9B3F-4DC7-8E20-F8E3986AADE1}.Debug|Any CPU.Build.0 = Debug|Any CPU
		{12D425DE-9B3F-4DC7-8E20-F8E3986AADE1}.Release|Any CPU.ActiveCfg = Release|Any CPU
		{12D425DE-9B3F-4DC7-8E20-F8E3986AADE1}.Release|Any CPU.Build.0 = Release|Any CPU
		{1E6DB9A1-8903-45CD-9284-E6C86A3CBDE0}.Debug|Any CPU.ActiveCfg = Debug|Any CPU
		{1E6DB9A1-8903-45CD-9284-E6C86A3CBDE0}.Debug|Any CPU.Build.0 = Debug|Any CPU
		{1E6DB9A1-8903-45CD-9284-E6C86A3CBDE0}.Release|Any CPU.ActiveCfg = Release|Any CPU
		{1E6DB9A1-8903-45CD-9284-E6C86A3CBDE0}.Release|Any CPU.Build.0 = Release|Any CPU
		{01D894F7-5377-4001-B9E2-F4052785288F}.Debug|Any CPU.ActiveCfg = Debug|Any CPU
		{01D894F7-5377-4001-B9E2-F4052785288F}.Debug|Any CPU.Build.0 = Debug|Any CPU
		{01D894F7-5377-4001-B9E2-F4052785288F}.Release|Any CPU.ActiveCfg = Release|Any CPU
		{01D894F7-5377-4001-B9E2-F4052785288F}.Release|Any CPU.Build.0 = Release|Any CPU
		{C037214D-6288-413E-B1CA-ADBF120B99B4}.Debug|Any CPU.ActiveCfg = Debug|Any CPU
		{C037214D-6288-413E-B1CA-ADBF120B99B4}.Debug|Any CPU.Build.0 = Debug|Any CPU
		{C037214D-6288-413E-B1CA-ADBF120B99B4}.Release|Any CPU.ActiveCfg = Release|Any CPU
		{C037214D-6288-413E-B1CA-ADBF120B99B4}.Release|Any CPU.Build.0 = Release|Any CPU
		{803AE4E1-15EA-490A-A075-8C1B35BA6752}.Debug|Any CPU.ActiveCfg = Debug|Any CPU
		{803AE4E1-15EA-490A-A075-8C1B35BA6752}.Debug|Any CPU.Build.0 = Debug|Any CPU
		{803AE4E1-15EA-490A-A075-8C1B35BA6752}.Release|Any CPU.ActiveCfg = Release|Any CPU
		{803AE4E1-15EA-490A-A075-8C1B35BA6752}.Release|Any CPU.Build.0 = Release|Any CPU
		{77F05497-2897-4786-BA36-94055FE637B8}.Debug|Any CPU.ActiveCfg = Debug|Any CPU
		{77F05497-2897-4786-BA36-94055FE637B8}.Debug|Any CPU.Build.0 = Debug|Any CPU
		{77F05497-2897-4786-BA36-94055FE637B8}.Release|Any CPU.ActiveCfg = Release|Any CPU
		{77F05497-2897-4786-BA36-94055FE637B8}.Release|Any CPU.Build.0 = Release|Any CPU
		{6AB65B3B-A080-43E6-AF1F-A0738566F48E}.Debug|Any CPU.ActiveCfg = Debug|Any CPU
		{6AB65B3B-A080-43E6-AF1F-A0738566F48E}.Debug|Any CPU.Build.0 = Debug|Any CPU
		{6AB65B3B-A080-43E6-AF1F-A0738566F48E}.Release|Any CPU.ActiveCfg = Release|Any CPU
		{6AB65B3B-A080-43E6-AF1F-A0738566F48E}.Release|Any CPU.Build.0 = Release|Any CPU
		{64811917-5583-456F-8540-7BC2D42D35CC}.Debug|Any CPU.ActiveCfg = Debug|Any CPU
		{64811917-5583-456F-8540-7BC2D42D35CC}.Debug|Any CPU.Build.0 = Debug|Any CPU
		{64811917-5583-456F-8540-7BC2D42D35CC}.Release|Any CPU.ActiveCfg = Release|Any CPU
		{64811917-5583-456F-8540-7BC2D42D35CC}.Release|Any CPU.Build.0 = Release|Any CPU
		{EE1E2264-C827-4992-AD53-87414A693EDE}.Debug|Any CPU.ActiveCfg = Debug|Any CPU
		{EE1E2264-C827-4992-AD53-87414A693EDE}.Debug|Any CPU.Build.0 = Debug|Any CPU
		{EE1E2264-C827-4992-AD53-87414A693EDE}.Release|Any CPU.ActiveCfg = Release|Any CPU
		{EE1E2264-C827-4992-AD53-87414A693EDE}.Release|Any CPU.Build.0 = Release|Any CPU
		{CAE028CA-4321-40DB-8C9A-117E2F449C77}.Debug|Any CPU.ActiveCfg = Debug|Any CPU
		{CAE028CA-4321-40DB-8C9A-117E2F449C77}.Debug|Any CPU.Build.0 = Debug|Any CPU
		{CAE028CA-4321-40DB-8C9A-117E2F449C77}.Release|Any CPU.ActiveCfg = Release|Any CPU
		{CAE028CA-4321-40DB-8C9A-117E2F449C77}.Release|Any CPU.Build.0 = Release|Any CPU
		{447C73B6-4F43-44FC-A206-351019A319F4}.Debug|Any CPU.ActiveCfg = Debug|Any CPU
		{447C73B6-4F43-44FC-A206-351019A319F4}.Debug|Any CPU.Build.0 = Debug|Any CPU
		{447C73B6-4F43-44FC-A206-351019A319F4}.Release|Any CPU.ActiveCfg = Release|Any CPU
		{447C73B6-4F43-44FC-A206-351019A319F4}.Release|Any CPU.Build.0 = Release|Any CPU
		{ACC5871C-20C1-42DD-BB24-03E0C5D76B8E}.Debug|Any CPU.ActiveCfg = Debug|Any CPU
		{ACC5871C-20C1-42DD-BB24-03E0C5D76B8E}.Debug|Any CPU.Build.0 = Debug|Any CPU
		{ACC5871C-20C1-42DD-BB24-03E0C5D76B8E}.Release|Any CPU.ActiveCfg = Release|Any CPU
		{ACC5871C-20C1-42DD-BB24-03E0C5D76B8E}.Release|Any CPU.Build.0 = Release|Any CPU
		{D1FA5F2D-6628-419D-87B2-0BB6853497F6}.Debug|Any CPU.ActiveCfg = Debug|Any CPU
		{D1FA5F2D-6628-419D-87B2-0BB6853497F6}.Debug|Any CPU.Build.0 = Debug|Any CPU
		{D1FA5F2D-6628-419D-87B2-0BB6853497F6}.Release|Any CPU.ActiveCfg = Release|Any CPU
		{D1FA5F2D-6628-419D-87B2-0BB6853497F6}.Release|Any CPU.Build.0 = Release|Any CPU
		{74AA76C2-7791-4C06-9B36-7963833D4E8E}.Debug|Any CPU.ActiveCfg = Debug|Any CPU
		{74AA76C2-7791-4C06-9B36-7963833D4E8E}.Debug|Any CPU.Build.0 = Debug|Any CPU
		{74AA76C2-7791-4C06-9B36-7963833D4E8E}.Release|Any CPU.ActiveCfg = Release|Any CPU
		{74AA76C2-7791-4C06-9B36-7963833D4E8E}.Release|Any CPU.Build.0 = Release|Any CPU
		{13213A24-0AE3-4682-80E1-98E88179BB1B}.Debug|Any CPU.ActiveCfg = Debug|Any CPU
		{13213A24-0AE3-4682-80E1-98E88179BB1B}.Debug|Any CPU.Build.0 = Debug|Any CPU
		{13213A24-0AE3-4682-80E1-98E88179BB1B}.Release|Any CPU.ActiveCfg = Release|Any CPU
		{13213A24-0AE3-4682-80E1-98E88179BB1B}.Release|Any CPU.Build.0 = Release|Any CPU
		{682B8DDB-0695-4FD7-A5B9-91FB6390DF41}.Debug|Any CPU.ActiveCfg = Debug|Any CPU
		{682B8DDB-0695-4FD7-A5B9-91FB6390DF41}.Debug|Any CPU.Build.0 = Debug|Any CPU
		{682B8DDB-0695-4FD7-A5B9-91FB6390DF41}.Release|Any CPU.ActiveCfg = Release|Any CPU
		{682B8DDB-0695-4FD7-A5B9-91FB6390DF41}.Release|Any CPU.Build.0 = Release|Any CPU
		{E667F7CF-B87C-4E92-A2B4-D67932047FAA}.Debug|Any CPU.ActiveCfg = Debug|Any CPU
		{E667F7CF-B87C-4E92-A2B4-D67932047FAA}.Debug|Any CPU.Build.0 = Debug|Any CPU
		{E667F7CF-B87C-4E92-A2B4-D67932047FAA}.Release|Any CPU.ActiveCfg = Release|Any CPU
		{E667F7CF-B87C-4E92-A2B4-D67932047FAA}.Release|Any CPU.Build.0 = Release|Any CPU
		{449948D3-EF12-492A-8FE2-E393EC91A5DB}.Debug|Any CPU.ActiveCfg = Debug|Any CPU
		{449948D3-EF12-492A-8FE2-E393EC91A5DB}.Debug|Any CPU.Build.0 = Debug|Any CPU
		{449948D3-EF12-492A-8FE2-E393EC91A5DB}.Release|Any CPU.ActiveCfg = Release|Any CPU
		{449948D3-EF12-492A-8FE2-E393EC91A5DB}.Release|Any CPU.Build.0 = Release|Any CPU
		{FE525CA2-CAEB-418F-82B5-EA3882F2B6DE}.Debug|Any CPU.ActiveCfg = Debug|Any CPU
		{FE525CA2-CAEB-418F-82B5-EA3882F2B6DE}.Debug|Any CPU.Build.0 = Debug|Any CPU
		{FE525CA2-CAEB-418F-82B5-EA3882F2B6DE}.Release|Any CPU.ActiveCfg = Release|Any CPU
		{FE525CA2-CAEB-418F-82B5-EA3882F2B6DE}.Release|Any CPU.Build.0 = Release|Any CPU
		{FBAE4B3F-27C2-4993-A641-95118747AA02}.Debug|Any CPU.ActiveCfg = Debug|Any CPU
		{FBAE4B3F-27C2-4993-A641-95118747AA02}.Debug|Any CPU.Build.0 = Debug|Any CPU
		{FBAE4B3F-27C2-4993-A641-95118747AA02}.Release|Any CPU.ActiveCfg = Release|Any CPU
		{FBAE4B3F-27C2-4993-A641-95118747AA02}.Release|Any CPU.Build.0 = Release|Any CPU
		{257036DC-A0A5-40AE-A782-D4864B70E833}.Debug|Any CPU.ActiveCfg = Debug|Any CPU
		{257036DC-A0A5-40AE-A782-D4864B70E833}.Debug|Any CPU.Build.0 = Debug|Any CPU
		{257036DC-A0A5-40AE-A782-D4864B70E833}.Release|Any CPU.ActiveCfg = Release|Any CPU
		{257036DC-A0A5-40AE-A782-D4864B70E833}.Release|Any CPU.Build.0 = Release|Any CPU
	EndGlobalSection
	GlobalSection(SolutionProperties) = preSolution
		HideSolutionNode = FALSE
	EndGlobalSection
	GlobalSection(NestedProjects) = preSolution
		{12D425DE-9B3F-4DC7-8E20-F8E3986AADE1} = {E35169E2-1CB5-427B-9B58-86098D028B38}
		{1E6DB9A1-8903-45CD-9284-E6C86A3CBDE0} = {E35169E2-1CB5-427B-9B58-86098D028B38}
		{01D894F7-5377-4001-B9E2-F4052785288F} = {E35169E2-1CB5-427B-9B58-86098D028B38}
		{C037214D-6288-413E-B1CA-ADBF120B99B4} = {E35169E2-1CB5-427B-9B58-86098D028B38}
		{803AE4E1-15EA-490A-A075-8C1B35BA6752} = {E35169E2-1CB5-427B-9B58-86098D028B38}
		{77F05497-2897-4786-BA36-94055FE637B8} = {E35169E2-1CB5-427B-9B58-86098D028B38}
		{6AB65B3B-A080-43E6-AF1F-A0738566F48E} = {B9B599AF-99E7-4C22-8BF3-F4207CE671F8}
		{64811917-5583-456F-8540-7BC2D42D35CC} = {B9B599AF-99E7-4C22-8BF3-F4207CE671F8}
		{EE1E2264-C827-4992-AD53-87414A693EDE} = {E35169E2-1CB5-427B-9B58-86098D028B38}
		{CAE028CA-4321-40DB-8C9A-117E2F449C77} = {E35169E2-1CB5-427B-9B58-86098D028B38}
		{447C73B6-4F43-44FC-A206-351019A319F4} = {E35169E2-1CB5-427B-9B58-86098D028B38}
		{ACC5871C-20C1-42DD-BB24-03E0C5D76B8E} = {E35169E2-1CB5-427B-9B58-86098D028B38}
		{D1FA5F2D-6628-419D-87B2-0BB6853497F6} = {B9B599AF-99E7-4C22-8BF3-F4207CE671F8}
		{74AA76C2-7791-4C06-9B36-7963833D4E8E} = {B9B599AF-99E7-4C22-8BF3-F4207CE671F8}
		{13213A24-0AE3-4682-80E1-98E88179BB1B} = {81CC2A10-5874-4F30-9195-938600FD1073}
		{682B8DDB-0695-4FD7-A5B9-91FB6390DF41} = {E35169E2-1CB5-427B-9B58-86098D028B38}
		{E667F7CF-B87C-4E92-A2B4-D67932047FAA} = {E35169E2-1CB5-427B-9B58-86098D028B38}
		{449948D3-EF12-492A-8FE2-E393EC91A5DB} = {0CAA4FFA-BF00-4274-9D2E-EB7449CAD84B}
		{FE525CA2-CAEB-418F-82B5-EA3882F2B6DE} = {81CC2A10-5874-4F30-9195-938600FD1073}
		{FBAE4B3F-27C2-4993-A641-95118747AA02} = {B9B599AF-99E7-4C22-8BF3-F4207CE671F8}
		{257036DC-A0A5-40AE-A782-D4864B70E833} = {81CC2A10-5874-4F30-9195-938600FD1073}
	EndGlobalSection
	GlobalSection(ExtensibilityGlobals) = postSolution
		SolutionGuid = {6E282505-8E12-4809-BF26-0473905D2330}
	EndGlobalSection
EndGlobal
